// !$*UTF8*$!
{
	archiveVersion = 1;
	classes = {
	};
	objectVersion = 56;
	objects = {

/* Begin PBXBuildFile section */
		6807F1612AE6FE38002267A6 /* EventItemView.swift in Sources */ = {isa = PBXBuildFile; fileRef = 6807F1602AE6FE38002267A6 /* EventItemView.swift */; };
		681572532ACF71C700B034D9 /* GuardGuysCalendarEditorApp.swift in Sources */ = {isa = PBXBuildFile; fileRef = 681572522ACF71C700B034D9 /* GuardGuysCalendarEditorApp.swift */; };
		681572552ACF71C700B034D9 /* ContentView.swift in Sources */ = {isa = PBXBuildFile; fileRef = 681572542ACF71C700B034D9 /* ContentView.swift */; };
		681572572ACF71C800B034D9 /* Assets.xcassets in Resources */ = {isa = PBXBuildFile; fileRef = 681572562ACF71C800B034D9 /* Assets.xcassets */; };
		6815725A2ACF71C800B034D9 /* Preview Assets.xcassets in Resources */ = {isa = PBXBuildFile; fileRef = 681572592ACF71C800B034D9 /* Preview Assets.xcassets */; };
		681572612ACF71FE00B034D9 /* NetworkManager.swift in Sources */ = {isa = PBXBuildFile; fileRef = 681572602ACF71FE00B034D9 /* NetworkManager.swift */; };
		681572632ACF7FA400B034D9 /* AdminViewModel.swift in Sources */ = {isa = PBXBuildFile; fileRef = 681572622ACF7FA400B034D9 /* AdminViewModel.swift */; };
		682B4F542AE4213D00445ECE /* ScheduleWeekView.swift in Sources */ = {isa = PBXBuildFile; fileRef = 682B4F532AE4213D00445ECE /* ScheduleWeekView.swift */; };
		683E0F542AE09884009AF827 /* LoadingScreenView.swift in Sources */ = {isa = PBXBuildFile; fileRef = 683E0F532AE09884009AF827 /* LoadingScreenView.swift */; };
		6886974A2AF4606F008F4294 /* ScheduleWeekViewModel.swift in Sources */ = {isa = PBXBuildFile; fileRef = 688697492AF4606F008F4294 /* ScheduleWeekViewModel.swift */; };
		6886974C2AF464D9008F4294 /* ContentViewModel.swift in Sources */ = {isa = PBXBuildFile; fileRef = 6886974B2AF464D9008F4294 /* ContentViewModel.swift */; };
		689B5B922AD70A040037066F /* EditInfoView.swift in Sources */ = {isa = PBXBuildFile; fileRef = 689B5B912AD70A040037066F /* EditInfoView.swift */; };
		689B5B952AD716BC0037066F /* Utilities.swift in Sources */ = {isa = PBXBuildFile; fileRef = 689B5B942AD716BC0037066F /* Utilities.swift */; };
		689B5B972AD71CC80037066F /* Data+Ext.swift in Sources */ = {isa = PBXBuildFile; fileRef = 689B5B962AD71CC80037066F /* Data+Ext.swift */; };
		689B5B992AD753910037066F /* EditEventView.swift in Sources */ = {isa = PBXBuildFile; fileRef = 689B5B982AD753910037066F /* EditEventView.swift */; };
		68FC36232AD076F300D90DF9 /* AdminView.swift in Sources */ = {isa = PBXBuildFile; fileRef = 68FC36222AD076F300D90DF9 /* AdminView.swift */; };
/* End PBXBuildFile section */

/* Begin PBXFileReference section */
		6807F1602AE6FE38002267A6 /* EventItemView.swift */ = {isa = PBXFileReference; lastKnownFileType = sourcecode.swift; path = EventItemView.swift; sourceTree = "<group>"; };
		6815724F2ACF71C700B034D9 /* GuardGuysCalendarEditor.app */ = {isa = PBXFileReference; explicitFileType = wrapper.application; includeInIndex = 0; path = GuardGuysCalendarEditor.app; sourceTree = BUILT_PRODUCTS_DIR; };
		681572522ACF71C700B034D9 /* GuardGuysCalendarEditorApp.swift */ = {isa = PBXFileReference; lastKnownFileType = sourcecode.swift; path = GuardGuysCalendarEditorApp.swift; sourceTree = "<group>"; };
		681572542ACF71C700B034D9 /* ContentView.swift */ = {isa = PBXFileReference; lastKnownFileType = sourcecode.swift; path = ContentView.swift; sourceTree = "<group>"; };
		681572562ACF71C800B034D9 /* Assets.xcassets */ = {isa = PBXFileReference; lastKnownFileType = folder.assetcatalog; path = Assets.xcassets; sourceTree = "<group>"; };
		681572592ACF71C800B034D9 /* Preview Assets.xcassets */ = {isa = PBXFileReference; lastKnownFileType = folder.assetcatalog; path = "Preview Assets.xcassets"; sourceTree = "<group>"; };
		681572602ACF71FE00B034D9 /* NetworkManager.swift */ = {isa = PBXFileReference; lastKnownFileType = sourcecode.swift; path = NetworkManager.swift; sourceTree = "<group>"; };
		681572622ACF7FA400B034D9 /* AdminViewModel.swift */ = {isa = PBXFileReference; lastKnownFileType = sourcecode.swift; path = AdminViewModel.swift; sourceTree = "<group>"; };
		682B4F532AE4213D00445ECE /* ScheduleWeekView.swift */ = {isa = PBXFileReference; lastKnownFileType = sourcecode.swift; path = ScheduleWeekView.swift; sourceTree = "<group>"; };
		683E0F532AE09884009AF827 /* LoadingScreenView.swift */ = {isa = PBXFileReference; lastKnownFileType = sourcecode.swift; path = LoadingScreenView.swift; sourceTree = "<group>"; };
		688697492AF4606F008F4294 /* ScheduleWeekViewModel.swift */ = {isa = PBXFileReference; fileEncoding = 4; lastKnownFileType = sourcecode.swift; path = ScheduleWeekViewModel.swift; sourceTree = "<group>"; };
		6886974B2AF464D9008F4294 /* ContentViewModel.swift */ = {isa = PBXFileReference; fileEncoding = 4; lastKnownFileType = sourcecode.swift; path = ContentViewModel.swift; sourceTree = "<group>"; };
		689B5B912AD70A040037066F /* EditInfoView.swift */ = {isa = PBXFileReference; lastKnownFileType = sourcecode.swift; path = EditInfoView.swift; sourceTree = "<group>"; };
		689B5B942AD716BC0037066F /* Utilities.swift */ = {isa = PBXFileReference; lastKnownFileType = sourcecode.swift; path = Utilities.swift; sourceTree = "<group>"; };
		689B5B962AD71CC80037066F /* Data+Ext.swift */ = {isa = PBXFileReference; lastKnownFileType = sourcecode.swift; path = "Data+Ext.swift"; sourceTree = "<group>"; };
		689B5B982AD753910037066F /* EditEventView.swift */ = {isa = PBXFileReference; lastKnownFileType = sourcecode.swift; path = EditEventView.swift; sourceTree = "<group>"; };
		68FC36222AD076F300D90DF9 /* AdminView.swift */ = {isa = PBXFileReference; lastKnownFileType = sourcecode.swift; path = AdminView.swift; sourceTree = "<group>"; };
/* End PBXFileReference section */

/* Begin PBXFrameworksBuildPhase section */
		6815724C2ACF71C700B034D9 /* Frameworks */ = {
			isa = PBXFrameworksBuildPhase;
			buildActionMask = 2147483647;
			files = (
			);
			runOnlyForDeploymentPostprocessing = 0;
		};
/* End PBXFrameworksBuildPhase section */

/* Begin PBXGroup section */
		681572462ACF71C700B034D9 = {
			isa = PBXGroup;
			children = (
				681572512ACF71C700B034D9 /* GuardGuysCalendarEditor */,
				681572502ACF71C700B034D9 /* Products */,
			);
			sourceTree = "<group>";
		};
		681572502ACF71C700B034D9 /* Products */ = {
			isa = PBXGroup;
			children = (
				6815724F2ACF71C700B034D9 /* GuardGuysCalendarEditor.app */,
			);
			name = Products;
			sourceTree = "<group>";
		};
		681572512ACF71C700B034D9 /* GuardGuysCalendarEditor */ = {
			isa = PBXGroup;
			children = (
				681572522ACF71C700B034D9 /* GuardGuysCalendarEditorApp.swift */,
				689B5B932AD714510037066F /* Views */,
				681572602ACF71FE00B034D9 /* NetworkManager.swift */,
				683E0F532AE09884009AF827 /* LoadingScreenView.swift */,
				689B5B942AD716BC0037066F /* Utilities.swift */,
				689B5B962AD71CC80037066F /* Data+Ext.swift */,
				681572562ACF71C800B034D9 /* Assets.xcassets */,
				681572582ACF71C800B034D9 /* Preview Content */,
			);
			path = GuardGuysCalendarEditor;
			sourceTree = "<group>";
		};
		681572582ACF71C800B034D9 /* Preview Content */ = {
			isa = PBXGroup;
			children = (
				681572592ACF71C800B034D9 /* Preview Assets.xcassets */,
			);
			path = "Preview Content";
			sourceTree = "<group>";
		};
		689B5B932AD714510037066F /* Views */ = {
			isa = PBXGroup;
			children = (
				681572542ACF71C700B034D9 /* ContentView.swift */,
				6886974B2AF464D9008F4294 /* ContentViewModel.swift */,
				68FC36222AD076F300D90DF9 /* AdminView.swift */,
				681572622ACF7FA400B034D9 /* AdminViewModel.swift */,
				689B5B912AD70A040037066F /* EditInfoView.swift */,
				682B4F532AE4213D00445ECE /* ScheduleWeekView.swift */,
				688697492AF4606F008F4294 /* ScheduleWeekViewModel.swift */,
				689B5B982AD753910037066F /* EditEventView.swift */,
				6807F1602AE6FE38002267A6 /* EventItemView.swift */,
			);
			path = Views;
			sourceTree = "<group>";
		};
/* End PBXGroup section */

/* Begin PBXNativeTarget section */
		6815724E2ACF71C700B034D9 /* GuardGuysCalendarEditor */ = {
			isa = PBXNativeTarget;
			buildConfigurationList = 6815725D2ACF71C800B034D9 /* Build configuration list for PBXNativeTarget "GuardGuysCalendarEditor" */;
			buildPhases = (
				6815724B2ACF71C700B034D9 /* Sources */,
				6815724C2ACF71C700B034D9 /* Frameworks */,
				6815724D2ACF71C700B034D9 /* Resources */,
			);
			buildRules = (
			);
			dependencies = (
			);
			name = GuardGuysCalendarEditor;
			productName = GuardGuysCalendarEditor;
			productReference = 6815724F2ACF71C700B034D9 /* GuardGuysCalendarEditor.app */;
			productType = "com.apple.product-type.application";
		};
/* End PBXNativeTarget section */

/* Begin PBXProject section */
		681572472ACF71C700B034D9 /* Project object */ = {
			isa = PBXProject;
			attributes = {
				BuildIndependentTargetsInParallel = 1;
				LastSwiftUpdateCheck = 1500;
				LastUpgradeCheck = 1500;
				TargetAttributes = {
					6815724E2ACF71C700B034D9 = {
						CreatedOnToolsVersion = 15.0;
					};
				};
			};
			buildConfigurationList = 6815724A2ACF71C700B034D9 /* Build configuration list for PBXProject "GuardGuysCalendarEditor" */;
			compatibilityVersion = "Xcode 14.0";
			developmentRegion = en;
			hasScannedForEncodings = 0;
			knownRegions = (
				en,
				Base,
			);
			mainGroup = 681572462ACF71C700B034D9;
			productRefGroup = 681572502ACF71C700B034D9 /* Products */;
			projectDirPath = "";
			projectRoot = "";
			targets = (
				6815724E2ACF71C700B034D9 /* GuardGuysCalendarEditor */,
			);
		};
/* End PBXProject section */

/* Begin PBXResourcesBuildPhase section */
		6815724D2ACF71C700B034D9 /* Resources */ = {
			isa = PBXResourcesBuildPhase;
			buildActionMask = 2147483647;
			files = (
				6815725A2ACF71C800B034D9 /* Preview Assets.xcassets in Resources */,
				681572572ACF71C800B034D9 /* Assets.xcassets in Resources */,
			);
			runOnlyForDeploymentPostprocessing = 0;
		};
/* End PBXResourcesBuildPhase section */

/* Begin PBXSourcesBuildPhase section */
		6815724B2ACF71C700B034D9 /* Sources */ = {
			isa = PBXSourcesBuildPhase;
			buildActionMask = 2147483647;
			files = (
				682B4F542AE4213D00445ECE /* ScheduleWeekView.swift in Sources */,
				681572612ACF71FE00B034D9 /* NetworkManager.swift in Sources */,
				6886974A2AF4606F008F4294 /* ScheduleWeekViewModel.swift in Sources */,
				689B5B922AD70A040037066F /* EditInfoView.swift in Sources */,
				689B5B992AD753910037066F /* EditEventView.swift in Sources */,
				689B5B972AD71CC80037066F /* Data+Ext.swift in Sources */,
				6886974C2AF464D9008F4294 /* ContentViewModel.swift in Sources */,
				68FC36232AD076F300D90DF9 /* AdminView.swift in Sources */,
				681572552ACF71C700B034D9 /* ContentView.swift in Sources */,
				683E0F542AE09884009AF827 /* LoadingScreenView.swift in Sources */,
				681572632ACF7FA400B034D9 /* AdminViewModel.swift in Sources */,
				689B5B952AD716BC0037066F /* Utilities.swift in Sources */,
				6807F1612AE6FE38002267A6 /* EventItemView.swift in Sources */,
				681572532ACF71C700B034D9 /* GuardGuysCalendarEditorApp.swift in Sources */,
			);
			runOnlyForDeploymentPostprocessing = 0;
		};
/* End PBXSourcesBuildPhase section */

/* Begin XCBuildConfiguration section */
		6815725B2ACF71C800B034D9 /* Debug */ = {
			isa = XCBuildConfiguration;
			buildSettings = {
				ALWAYS_SEARCH_USER_PATHS = NO;
				ASSETCATALOG_COMPILER_GENERATE_SWIFT_ASSET_SYMBOL_EXTENSIONS = YES;
				CLANG_ANALYZER_NONNULL = YES;
				CLANG_ANALYZER_NUMBER_OBJECT_CONVERSION = YES_AGGRESSIVE;
				CLANG_CXX_LANGUAGE_STANDARD = "gnu++20";
				CLANG_ENABLE_MODULES = YES;
				CLANG_ENABLE_OBJC_ARC = YES;
				CLANG_ENABLE_OBJC_WEAK = YES;
				CLANG_WARN_BLOCK_CAPTURE_AUTORELEASING = YES;
				CLANG_WARN_BOOL_CONVERSION = YES;
				CLANG_WARN_COMMA = YES;
				CLANG_WARN_CONSTANT_CONVERSION = YES;
				CLANG_WARN_DEPRECATED_OBJC_IMPLEMENTATIONS = YES;
				CLANG_WARN_DIRECT_OBJC_ISA_USAGE = YES_ERROR;
				CLANG_WARN_DOCUMENTATION_COMMENTS = YES;
				CLANG_WARN_EMPTY_BODY = YES;
				CLANG_WARN_ENUM_CONVERSION = YES;
				CLANG_WARN_INFINITE_RECURSION = YES;
				CLANG_WARN_INT_CONVERSION = YES;
				CLANG_WARN_NON_LITERAL_NULL_CONVERSION = YES;
				CLANG_WARN_OBJC_IMPLICIT_RETAIN_SELF = YES;
				CLANG_WARN_OBJC_LITERAL_CONVERSION = YES;
				CLANG_WARN_OBJC_ROOT_CLASS = YES_ERROR;
				CLANG_WARN_QUOTED_INCLUDE_IN_FRAMEWORK_HEADER = YES;
				CLANG_WARN_RANGE_LOOP_ANALYSIS = YES;
				CLANG_WARN_STRICT_PROTOTYPES = YES;
				CLANG_WARN_SUSPICIOUS_MOVE = YES;
				CLANG_WARN_UNGUARDED_AVAILABILITY = YES_AGGRESSIVE;
				CLANG_WARN_UNREACHABLE_CODE = YES;
				CLANG_WARN__DUPLICATE_METHOD_MATCH = YES;
				COPY_PHASE_STRIP = NO;
				DEBUG_INFORMATION_FORMAT = dwarf;
				ENABLE_STRICT_OBJC_MSGSEND = YES;
				ENABLE_TESTABILITY = YES;
				ENABLE_USER_SCRIPT_SANDBOXING = YES;
				GCC_C_LANGUAGE_STANDARD = gnu17;
				GCC_DYNAMIC_NO_PIC = NO;
				GCC_NO_COMMON_BLOCKS = YES;
				GCC_OPTIMIZATION_LEVEL = 0;
				GCC_PREPROCESSOR_DEFINITIONS = (
					"DEBUG=1",
					"$(inherited)",
				);
				GCC_WARN_64_TO_32_BIT_CONVERSION = YES;
				GCC_WARN_ABOUT_RETURN_TYPE = YES_ERROR;
				GCC_WARN_UNDECLARED_SELECTOR = YES;
				GCC_WARN_UNINITIALIZED_AUTOS = YES_AGGRESSIVE;
				GCC_WARN_UNUSED_FUNCTION = YES;
				GCC_WARN_UNUSED_VARIABLE = YES;
				IPHONEOS_DEPLOYMENT_TARGET = 16.4;
				LOCALIZATION_PREFERS_STRING_CATALOGS = YES;
				MTL_ENABLE_DEBUG_INFO = INCLUDE_SOURCE;
				MTL_FAST_MATH = YES;
				ONLY_ACTIVE_ARCH = YES;
				SDKROOT = iphoneos;
				SWIFT_ACTIVE_COMPILATION_CONDITIONS = "DEBUG $(inherited)";
				SWIFT_OPTIMIZATION_LEVEL = "-Onone";
			};
			name = Debug;
		};
		6815725C2ACF71C800B034D9 /* Release */ = {
			isa = XCBuildConfiguration;
			buildSettings = {
				ALWAYS_SEARCH_USER_PATHS = NO;
				ASSETCATALOG_COMPILER_GENERATE_SWIFT_ASSET_SYMBOL_EXTENSIONS = YES;
				CLANG_ANALYZER_NONNULL = YES;
				CLANG_ANALYZER_NUMBER_OBJECT_CONVERSION = YES_AGGRESSIVE;
				CLANG_CXX_LANGUAGE_STANDARD = "gnu++20";
				CLANG_ENABLE_MODULES = YES;
				CLANG_ENABLE_OBJC_ARC = YES;
				CLANG_ENABLE_OBJC_WEAK = YES;
				CLANG_WARN_BLOCK_CAPTURE_AUTORELEASING = YES;
				CLANG_WARN_BOOL_CONVERSION = YES;
				CLANG_WARN_COMMA = YES;
				CLANG_WARN_CONSTANT_CONVERSION = YES;
				CLANG_WARN_DEPRECATED_OBJC_IMPLEMENTATIONS = YES;
				CLANG_WARN_DIRECT_OBJC_ISA_USAGE = YES_ERROR;
				CLANG_WARN_DOCUMENTATION_COMMENTS = YES;
				CLANG_WARN_EMPTY_BODY = YES;
				CLANG_WARN_ENUM_CONVERSION = YES;
				CLANG_WARN_INFINITE_RECURSION = YES;
				CLANG_WARN_INT_CONVERSION = YES;
				CLANG_WARN_NON_LITERAL_NULL_CONVERSION = YES;
				CLANG_WARN_OBJC_IMPLICIT_RETAIN_SELF = YES;
				CLANG_WARN_OBJC_LITERAL_CONVERSION = YES;
				CLANG_WARN_OBJC_ROOT_CLASS = YES_ERROR;
				CLANG_WARN_QUOTED_INCLUDE_IN_FRAMEWORK_HEADER = YES;
				CLANG_WARN_RANGE_LOOP_ANALYSIS = YES;
				CLANG_WARN_STRICT_PROTOTYPES = YES;
				CLANG_WARN_SUSPICIOUS_MOVE = YES;
				CLANG_WARN_UNGUARDED_AVAILABILITY = YES_AGGRESSIVE;
				CLANG_WARN_UNREACHABLE_CODE = YES;
				CLANG_WARN__DUPLICATE_METHOD_MATCH = YES;
				COPY_PHASE_STRIP = NO;
				DEBUG_INFORMATION_FORMAT = "dwarf-with-dsym";
				ENABLE_NS_ASSERTIONS = NO;
				ENABLE_STRICT_OBJC_MSGSEND = YES;
				ENABLE_USER_SCRIPT_SANDBOXING = YES;
				GCC_C_LANGUAGE_STANDARD = gnu17;
				GCC_NO_COMMON_BLOCKS = YES;
				GCC_WARN_64_TO_32_BIT_CONVERSION = YES;
				GCC_WARN_ABOUT_RETURN_TYPE = YES_ERROR;
				GCC_WARN_UNDECLARED_SELECTOR = YES;
				GCC_WARN_UNINITIALIZED_AUTOS = YES_AGGRESSIVE;
				GCC_WARN_UNUSED_FUNCTION = YES;
				GCC_WARN_UNUSED_VARIABLE = YES;
				IPHONEOS_DEPLOYMENT_TARGET = 16.4;
				LOCALIZATION_PREFERS_STRING_CATALOGS = YES;
				MTL_ENABLE_DEBUG_INFO = NO;
				MTL_FAST_MATH = YES;
				SDKROOT = iphoneos;
				SWIFT_COMPILATION_MODE = wholemodule;
				VALIDATE_PRODUCT = YES;
			};
			name = Release;
		};
		6815725E2ACF71C800B034D9 /* Debug */ = {
			isa = XCBuildConfiguration;
			buildSettings = {
				ASSETCATALOG_COMPILER_APPICON_NAME = AppIcon;
				ASSETCATALOG_COMPILER_GLOBAL_ACCENT_COLOR_NAME = AccentColor;
				CODE_SIGN_STYLE = Automatic;
				CURRENT_PROJECT_VERSION = 3;
				DEVELOPMENT_ASSET_PATHS = "\"GuardGuysCalendarEditor/Preview Content\"";
				DEVELOPMENT_TEAM = X8629DMYVG;
				ENABLE_PREVIEWS = YES;
				GENERATE_INFOPLIST_FILE = YES;
				INFOPLIST_KEY_CFBundleDisplayName = Schedule;
				INFOPLIST_KEY_UIApplicationSceneManifest_Generation = YES;
				INFOPLIST_KEY_UIApplicationSupportsIndirectInputEvents = YES;
				INFOPLIST_KEY_UILaunchScreen_Generation = YES;
				INFOPLIST_KEY_UISupportedInterfaceOrientations = "UIInterfaceOrientationLandscapeLeft UIInterfaceOrientationLandscapeRight UIInterfaceOrientationPortrait UIInterfaceOrientationPortraitUpsideDown";
				IPHONEOS_DEPLOYMENT_TARGET = 26.0;
				LD_RUNPATH_SEARCH_PATHS = (
					"$(inherited)",
					"@executable_path/Frameworks",
				);
				MARKETING_VERSION = 1.4;
				PRODUCT_BUNDLE_IDENTIFIER = com.lawlerinnovationsinc.GuardGuysCalendarEditor;
				PRODUCT_NAME = "$(TARGET_NAME)";
				SUPPORTED_PLATFORMS = "iphoneos iphonesimulator";
				SUPPORTS_MACCATALYST = NO;
				SUPPORTS_MAC_DESIGNED_FOR_IPHONE_IPAD = NO;
				SWIFT_EMIT_LOC_STRINGS = YES;
				SWIFT_VERSION = 5.0;
				TARGETED_DEVICE_FAMILY = "1,2";
			};
			name = Debug;
		};
		6815725F2ACF71C800B034D9 /* Release */ = {
			isa = XCBuildConfiguration;
			buildSettings = {
				ASSETCATALOG_COMPILER_APPICON_NAME = AppIcon;
				ASSETCATALOG_COMPILER_GLOBAL_ACCENT_COLOR_NAME = AccentColor;
				CODE_SIGN_STYLE = Automatic;
				CURRENT_PROJECT_VERSION = 3;
				DEVELOPMENT_ASSET_PATHS = "\"GuardGuysCalendarEditor/Preview Content\"";
				DEVELOPMENT_TEAM = X8629DMYVG;
				ENABLE_PREVIEWS = YES;
				GENERATE_INFOPLIST_FILE = YES;
				INFOPLIST_KEY_CFBundleDisplayName = Schedule;
				INFOPLIST_KEY_UIApplicationSceneManifest_Generation = YES;
				INFOPLIST_KEY_UIApplicationSupportsIndirectInputEvents = YES;
				INFOPLIST_KEY_UILaunchScreen_Generation = YES;
				INFOPLIST_KEY_UISupportedInterfaceOrientations = "UIInterfaceOrientationLandscapeLeft UIInterfaceOrientationLandscapeRight UIInterfaceOrientationPortrait UIInterfaceOrientationPortraitUpsideDown";
				IPHONEOS_DEPLOYMENT_TARGET = 26.0;
				LD_RUNPATH_SEARCH_PATHS = (
					"$(inherited)",
					"@executable_path/Frameworks",
				);
				MARKETING_VERSION = 1.4;
				PRODUCT_BUNDLE_IDENTIFIER = com.lawlerinnovationsinc.GuardGuysCalendarEditor;
				PRODUCT_NAME = "$(TARGET_NAME)";
				SUPPORTED_PLATFORMS = "iphoneos iphonesimulator";
				SUPPORTS_MACCATALYST = NO;
				SUPPORTS_MAC_DESIGNED_FOR_IPHONE_IPAD = NO;
				SWIFT_EMIT_LOC_STRINGS = YES;
				SWIFT_VERSION = 5.0;
				TARGETED_DEVICE_FAMILY = "1,2";
			};
			name = Release;
		};
/* End XCBuildConfiguration section */

/* Begin XCConfigurationList section */
		6815724A2ACF71C700B034D9 /* Build configuration list for PBXProject "GuardGuysCalendarEditor" */ = {
			isa = XCConfigurationList;
			buildConfigurations = (
				6815725B2ACF71C800B034D9 /* Debug */,
				6815725C2ACF71C800B034D9 /* Release */,
			);
			defaultConfigurationIsVisible = 0;
			defaultConfigurationName = Release;
		};
		6815725D2ACF71C800B034D9 /* Build configuration list for PBXNativeTarget "GuardGuysCalendarEditor" */ = {
			isa = XCConfigurationList;
			buildConfigurations = (
				6815725E2ACF71C800B034D9 /* Debug */,
				6815725F2ACF71C800B034D9 /* Release */,
			);
			defaultConfigurationIsVisible = 0;
			defaultConfigurationName = Release;
		};
/* End XCConfigurationList section */
	};
	rootObject = 681572472ACF71C700B034D9 /* Project object */;
}
